
Microsoft Visual Studio Solution File, Format Version 12.00
# Visual Studio Version 16
VisualStudioVersion = 16.0.30503.244
MinimumVisualStudioVersion = 10.0.40219.1
Project("{9A19103F-16F7-4668-BE54-9A1E7A4F7556}") = "FancyAppV2.STS", "FancyAppV2.STS\FancyAppV2.STS.csproj", "{D2118437-83F5-48C1-89B0-75B9FB8F6F57}"
EndProject
Project("{9A19103F-16F7-4668-BE54-9A1E7A4F7556}") = "FancyAppV2.Api", "FancyAppV2.Api\FancyAppV2.Api.csproj", "{4648DFA3-3EF6-4B67-90B9-3143BEF7800A}"
EndProject
Global
	GlobalSection(SolutionConfigurationPlatforms) = preSolution
		Debug|Any CPU = Debug|Any CPU
		Release|Any CPU = Release|Any CPU
	EndGlobalSection
	GlobalSection(ProjectConfigurationPlatforms) = postSolution
		{D2118437-83F5-48C1-89B0-75B9FB8F6F57}.Debug|Any CPU.ActiveCfg = Debug|Any CPU
		{D2118437-83F5-48C1-89B0-75B9FB8F6F57}.Debug|Any CPU.Build.0 = Debug|Any CPU
		{D2118437-83F5-48C1-89B0-75B9FB8F6F57}.Release|Any CPU.ActiveCfg = Release|Any CPU
		{D2118437-83F5-48C1-89B0-75B9FB8F6F57}.Release|Any CPU.Build.0 = Release|Any CPU
		{4648DFA3-3EF6-4B67-90B9-3143BEF7800A}.Debug|Any CPU.ActiveCfg = Debug|Any CPU
		{4648DFA3-3EF6-4B67-90B9-3143BEF7800A}.Debug|Any CPU.Build.0 = Debug|Any CPU
		{4648DFA3-3EF6-4B67-90B9-3143BEF7800A}.Release|Any CPU.ActiveCfg = Release|Any CPU
		{4648DFA3-3EF6-4B67-90B9-3143BEF7800A}.Release|Any CPU.Build.0 = Release|Any CPU
	EndGlobalSection
	GlobalSection(SolutionProperties) = preSolution
		HideSolutionNode = FALSE
	EndGlobalSection
	GlobalSection(ExtensibilityGlobals) = postSolution
		SolutionGuid = {A2BE4D87-97C8-4E64-B716-69AB832E5B79}
	EndGlobalSection
EndGlobal
